// !$*UTF8*$!
{
	archiveVersion = 1;
	classes = {
	};
	objectVersion = 50;
	objects = {

/* Begin PBXBuildFile section */
		5175CC54B3B21B1F2B31B995 /* libPods-UnitTest.a in Frameworks */ = {isa = PBXBuildFile; fileRef = FFE54475D62E711303D1F76D /* libPods-UnitTest.a */; };
		7042C15F270195A000D9F9AF /* NSString+NSFExt.m in Sources */ = {isa = PBXBuildFile; fileRef = 7042C15D270195A000D9F9AF /* NSString+NSFExt.m */; };
		7042C1622701B7BE00D9F9AF /* NSURL+NSFExt.m in Sources */ = {isa = PBXBuildFile; fileRef = 7042C1612701B7BE00D9F9AF /* NSURL+NSFExt.m */; };
		7043885C245F921D007D4D15 /* NSFSeriesNumberPart.m in Sources */ = {isa = PBXBuildFile; fileRef = 7043885B245F921D007D4D15 /* NSFSeriesNumberPart.m */; };
		7082F80C24830243005793CC /* UnitTest.swift in Sources */ = {isa = PBXBuildFile; fileRef = 7082F80B24830243005793CC /* UnitTest.swift */; };
		7082F81124830294005793CC /* NSFBangumiRenamer.h in Sources */ = {isa = PBXBuildFile; fileRef = 70A43FB123F34D2600FD3EAE /* NSFBangumiRenamer.h */; };
		7082F81224830294005793CC /* NSFBangumiRenamer.m in Sources */ = {isa = PBXBuildFile; fileRef = 70A43FB223F34D2600FD3EAE /* NSFBangumiRenamer.m */; };
		7082F81324830294005793CC /* NSFSeriesNumberPart.h in Sources */ = {isa = PBXBuildFile; fileRef = 7043885A245F921D007D4D15 /* NSFSeriesNumberPart.h */; };
		7082F81424830294005793CC /* NSFSeriesNumberPart.m in Sources */ = {isa = PBXBuildFile; fileRef = 7043885B245F921D007D4D15 /* NSFSeriesNumberPart.m */; };
		70A43FAB23F34CEC00FD3EAE /* main.m in Sources */ = {isa = PBXBuildFile; fileRef = 70A43FAA23F34CEC00FD3EAE /* main.m */; };
		70A43FB323F34D2600FD3EAE /* NSFBangumiRenamer.m in Sources */ = {isa = PBXBuildFile; fileRef = 70A43FB223F34D2600FD3EAE /* NSFBangumiRenamer.m */; };
/* End PBXBuildFile section */

/* Begin PBXCopyFilesBuildPhase section */
		70A43FA523F34CEC00FD3EAE /* CopyFiles */ = {
			isa = PBXCopyFilesBuildPhase;
			buildActionMask = 2147483647;
			dstPath = /usr/share/man/man1/;
			dstSubfolderSpec = 0;
			files = (
			);
			runOnlyForDeploymentPostprocessing = 1;
		};
/* End PBXCopyFilesBuildPhase section */

/* Begin PBXFileReference section */
		7042C15D270195A000D9F9AF /* NSString+NSFExt.m */ = {isa = PBXFileReference; fileEncoding = 4; lastKnownFileType = sourcecode.c.objc; path = "NSString+NSFExt.m"; sourceTree = "<group>"; };
		7042C15E270195A000D9F9AF /* NSString+NSFExt.h */ = {isa = PBXFileReference; fileEncoding = 4; lastKnownFileType = sourcecode.c.h; path = "NSString+NSFExt.h"; sourceTree = "<group>"; };
		7042C1602701B7BE00D9F9AF /* NSURL+NSFExt.h */ = {isa = PBXFileReference; lastKnownFileType = sourcecode.c.h; path = "NSURL+NSFExt.h"; sourceTree = "<group>"; };
		7042C1612701B7BE00D9F9AF /* NSURL+NSFExt.m */ = {isa = PBXFileReference; lastKnownFileType = sourcecode.c.objc; path = "NSURL+NSFExt.m"; sourceTree = "<group>"; };
		7043885A245F921D007D4D15 /* NSFSeriesNumberPart.h */ = {isa = PBXFileReference; lastKnownFileType = sourcecode.c.h; path = NSFSeriesNumberPart.h; sourceTree = "<group>"; };
		7043885B245F921D007D4D15 /* NSFSeriesNumberPart.m */ = {isa = PBXFileReference; lastKnownFileType = sourcecode.c.objc; path = NSFSeriesNumberPart.m; sourceTree = "<group>"; };
		7082F80924830243005793CC /* UnitTest.xctest */ = {isa = PBXFileReference; explicitFileType = wrapper.cfbundle; includeInIndex = 0; path = UnitTest.xctest; sourceTree = BUILT_PRODUCTS_DIR; };
		7082F80B24830243005793CC /* UnitTest.swift */ = {isa = PBXFileReference; lastKnownFileType = sourcecode.swift; path = UnitTest.swift; sourceTree = "<group>"; };
		7082F80D24830243005793CC /* Info.plist */ = {isa = PBXFileReference; lastKnownFileType = text.plist.xml; path = Info.plist; sourceTree = "<group>"; };
		7082F83624830359005793CC /* Bridging-Header.h */ = {isa = PBXFileReference; lastKnownFileType = sourcecode.c.h; path = "Bridging-Header.h"; sourceTree = "<group>"; };
		70A43FA723F34CEC00FD3EAE /* bangumi-renamer */ = {isa = PBXFileReference; explicitFileType = "compiled.mach-o.executable"; includeInIndex = 0; path = "bangumi-renamer"; sourceTree = BUILT_PRODUCTS_DIR; };
		70A43FAA23F34CEC00FD3EAE /* main.m */ = {isa = PBXFileReference; lastKnownFileType = sourcecode.c.objc; path = main.m; sourceTree = "<group>"; };
		70A43FB123F34D2600FD3EAE /* NSFBangumiRenamer.h */ = {isa = PBXFileReference; fileEncoding = 4; lastKnownFileType = sourcecode.c.h; path = NSFBangumiRenamer.h; sourceTree = "<group>"; };
		70A43FB223F34D2600FD3EAE /* NSFBangumiRenamer.m */ = {isa = PBXFileReference; fileEncoding = 4; lastKnownFileType = sourcecode.c.objc; path = NSFBangumiRenamer.m; sourceTree = "<group>"; };
		72F9BC53EE71935ABB3F8EA7 /* Pods-UnitTest.debug.xcconfig */ = {isa = PBXFileReference; includeInIndex = 1; lastKnownFileType = text.xcconfig; name = "Pods-UnitTest.debug.xcconfig"; path = "Target Support Files/Pods-UnitTest/Pods-UnitTest.debug.xcconfig"; sourceTree = "<group>"; };
		C3C8AC26D482DC0B7E29B089 /* Pods-UnitTest.release.xcconfig */ = {isa = PBXFileReference; includeInIndex = 1; lastKnownFileType = text.xcconfig; name = "Pods-UnitTest.release.xcconfig"; path = "Target Support Files/Pods-UnitTest/Pods-UnitTest.release.xcconfig"; sourceTree = "<group>"; };
		FFE54475D62E711303D1F76D /* libPods-UnitTest.a */ = {isa = PBXFileReference; explicitFileType = archive.ar; includeInIndex = 0; path = "libPods-UnitTest.a"; sourceTree = BUILT_PRODUCTS_DIR; };
/* End PBXFileReference section */

/* Begin PBXFrameworksBuildPhase section */
		7082F80624830243005793CC /* Frameworks */ = {
			isa = PBXFrameworksBuildPhase;
			buildActionMask = 2147483647;
			files = (
				5175CC54B3B21B1F2B31B995 /* libPods-UnitTest.a in Frameworks */,
			);
			runOnlyForDeploymentPostprocessing = 0;
		};
		70A43FA423F34CEC00FD3EAE /* Frameworks */ = {
			isa = PBXFrameworksBuildPhase;
			buildActionMask = 2147483647;
			files = (
			);
			runOnlyForDeploymentPostprocessing = 0;
		};
/* End PBXFrameworksBuildPhase section */

/* Begin PBXGroup section */
		03D383F1B882B5F48436948C /* Pods */ = {
			isa = PBXGroup;
			children = (
				72F9BC53EE71935ABB3F8EA7 /* Pods-UnitTest.debug.xcconfig */,
				C3C8AC26D482DC0B7E29B089 /* Pods-UnitTest.release.xcconfig */,
			);
			path = Pods;
			sourceTree = "<group>";
		};
		0F45AF5A833830E12380683B /* Frameworks */ = {
			isa = PBXGroup;
			children = (
				FFE54475D62E711303D1F76D /* libPods-UnitTest.a */,
			);
			name = Frameworks;
			sourceTree = "<group>";
		};
		7042C15C270195A000D9F9AF /* Extension */ = {
			isa = PBXGroup;
			children = (
				7042C15E270195A000D9F9AF /* NSString+NSFExt.h */,
				7042C15D270195A000D9F9AF /* NSString+NSFExt.m */,
				7042C1602701B7BE00D9F9AF /* NSURL+NSFExt.h */,
				7042C1612701B7BE00D9F9AF /* NSURL+NSFExt.m */,
			);
			path = Extension;
			sourceTree = "<group>";
		};
		7082F80A24830243005793CC /* UnitTest */ = {
			isa = PBXGroup;
			children = (
				7082F80B24830243005793CC /* UnitTest.swift */,
				7082F83824830407005793CC /* Supporting Files */,
			);
			path = UnitTest;
			sourceTree = "<group>";
		};
		7082F83824830407005793CC /* Supporting Files */ = {
			isa = PBXGroup;
			children = (
				7082F80D24830243005793CC /* Info.plist */,
				7082F83624830359005793CC /* Bridging-Header.h */,
			);
			name = "Supporting Files";
			sourceTree = "<group>";
		};
		70A43F9E23F34CEC00FD3EAE = {
			isa = PBXGroup;
			children = (
				70A43FA923F34CEC00FD3EAE /* BangumiRenamer */,
				7082F80A24830243005793CC /* UnitTest */,
				70A43FA823F34CEC00FD3EAE /* Products */,
				03D383F1B882B5F48436948C /* Pods */,
				0F45AF5A833830E12380683B /* Frameworks */,
			);
			sourceTree = "<group>";
		};
		70A43FA823F34CEC00FD3EAE /* Products */ = {
			isa = PBXGroup;
			children = (
				70A43FA723F34CEC00FD3EAE /* bangumi-renamer */,
				7082F80924830243005793CC /* UnitTest.xctest */,
			);
			name = Products;
			sourceTree = "<group>";
		};
		70A43FA923F34CEC00FD3EAE /* BangumiRenamer */ = {
			isa = PBXGroup;
			children = (
				7042C15C270195A000D9F9AF /* Extension */,
				70A43FAA23F34CEC00FD3EAE /* main.m */,
				70A43FB123F34D2600FD3EAE /* NSFBangumiRenamer.h */,
				70A43FB223F34D2600FD3EAE /* NSFBangumiRenamer.m */,
				7043885A245F921D007D4D15 /* NSFSeriesNumberPart.h */,
				7043885B245F921D007D4D15 /* NSFSeriesNumberPart.m */,
			);
			path = BangumiRenamer;
			sourceTree = "<group>";
		};
/* End PBXGroup section */

/* Begin PBXNativeTarget section */
		7082F80824830243005793CC /* UnitTest */ = {
			isa = PBXNativeTarget;
			buildConfigurationList = 7082F81024830243005793CC /* Build configuration list for PBXNativeTarget "UnitTest" */;
			buildPhases = (
				695F61B37BF6615CB9796EEA /* [CP] Check Pods Manifest.lock */,
				7082F80524830243005793CC /* Sources */,
				7082F80624830243005793CC /* Frameworks */,
				7082F80724830243005793CC /* Resources */,
			);
			buildRules = (
			);
			dependencies = (
			);
			name = UnitTest;
			productName = UnitTest;
			productReference = 7082F80924830243005793CC /* UnitTest.xctest */;
			productType = "com.apple.product-type.bundle.unit-test";
		};
		70A43FA623F34CEC00FD3EAE /* BangumiRenamer */ = {
			isa = PBXNativeTarget;
			buildConfigurationList = 70A43FAE23F34CEC00FD3EAE /* Build configuration list for PBXNativeTarget "BangumiRenamer" */;
			buildPhases = (
				70A43FA323F34CEC00FD3EAE /* Sources */,
				70A43FA423F34CEC00FD3EAE /* Frameworks */,
				70A43FA523F34CEC00FD3EAE /* CopyFiles */,
			);
			buildRules = (
			);
			dependencies = (
			);
			name = BangumiRenamer;
			productName = BangumiRenamer;
			productReference = 70A43FA723F34CEC00FD3EAE /* bangumi-renamer */;
			productType = "com.apple.product-type.tool";
		};
/* End PBXNativeTarget section */

/* Begin PBXProject section */
		70A43F9F23F34CEC00FD3EAE /* Project object */ = {
			isa = PBXProject;
			attributes = {
				LastSwiftUpdateCheck = 1150;
				LastUpgradeCheck = 1250;
				ORGANIZATIONNAME = nsfish;
				TargetAttributes = {
					7082F80824830243005793CC = {
						CreatedOnToolsVersion = 11.5;
					};
					70A43FA623F34CEC00FD3EAE = {
						CreatedOnToolsVersion = 11.3.1;
					};
				};
			};
			buildConfigurationList = 70A43FA223F34CEC00FD3EAE /* Build configuration list for PBXProject "BangumiRenamer" */;
			compatibilityVersion = "Xcode 9.3";
			developmentRegion = en;
			hasScannedForEncodings = 0;
			knownRegions = (
				en,
				Base,
			);
			mainGroup = 70A43F9E23F34CEC00FD3EAE;
			productRefGroup = 70A43FA823F34CEC00FD3EAE /* Products */;
			projectDirPath = "";
			projectRoot = "";
			targets = (
				70A43FA623F34CEC00FD3EAE /* BangumiRenamer */,
				7082F80824830243005793CC /* UnitTest */,
			);
		};
/* End PBXProject section */

/* Begin PBXResourcesBuildPhase section */
		7082F80724830243005793CC /* Resources */ = {
			isa = PBXResourcesBuildPhase;
			buildActionMask = 2147483647;
			files = (
			);
			runOnlyForDeploymentPostprocessing = 0;
		};
/* End PBXResourcesBuildPhase section */

/* Begin PBXShellScriptBuildPhase section */
		695F61B37BF6615CB9796EEA /* [CP] Check Pods Manifest.lock */ = {
			isa = PBXShellScriptBuildPhase;
			buildActionMask = 2147483647;
			files = (
			);
			inputFileListPaths = (
			);
			inputPaths = (
				"${PODS_PODFILE_DIR_PATH}/Podfile.lock",
				"${PODS_ROOT}/Manifest.lock",
			);
			name = "[CP] Check Pods Manifest.lock";
			outputFileListPaths = (
			);
			outputPaths = (
				"$(DERIVED_FILE_DIR)/Pods-UnitTest-checkManifestLockResult.txt",
			);
			runOnlyForDeploymentPostprocessing = 0;
			shellPath = /bin/sh;
			shellScript = "diff \"${PODS_PODFILE_DIR_PATH}/Podfile.lock\" \"${PODS_ROOT}/Manifest.lock\" > /dev/null\nif [ $? != 0 ] ; then\n    # print error to STDERR\n    echo \"error: The sandbox is not in sync with the Podfile.lock. Run 'pod install' or update your CocoaPods installation.\" >&2\n    exit 1\nfi\n# This output is used by Xcode 'outputs' to avoid re-running this script phase.\necho \"SUCCESS\" > \"${SCRIPT_OUTPUT_FILE_0}\"\n";
			showEnvVarsInLog = 0;
		};
/* End PBXShellScriptBuildPhase section */

/* Begin PBXSourcesBuildPhase section */
		7082F80524830243005793CC /* Sources */ = {
			isa = PBXSourcesBuildPhase;
			buildActionMask = 2147483647;
			files = (
				7082F81124830294005793CC /* NSFBangumiRenamer.h in Sources */,
				7082F81224830294005793CC /* NSFBangumiRenamer.m in Sources */,
				7082F81324830294005793CC /* NSFSeriesNumberPart.h in Sources */,
				7082F81424830294005793CC /* NSFSeriesNumberPart.m in Sources */,
				7082F80C24830243005793CC /* UnitTest.swift in Sources */,
			);
			runOnlyForDeploymentPostprocessing = 0;
		};
		70A43FA323F34CEC00FD3EAE /* Sources */ = {
			isa = PBXSourcesBuildPhase;
			buildActionMask = 2147483647;
			files = (
				70A43FAB23F34CEC00FD3EAE /* main.m in Sources */,
				7042C1622701B7BE00D9F9AF /* NSURL+NSFExt.m in Sources */,
				7043885C245F921D007D4D15 /* NSFSeriesNumberPart.m in Sources */,
				70A43FB323F34D2600FD3EAE /* NSFBangumiRenamer.m in Sources */,
				7042C15F270195A000D9F9AF /* NSString+NSFExt.m in Sources */,
			);
			runOnlyForDeploymentPostprocessing = 0;
		};
/* End PBXSourcesBuildPhase section */

/* Begin XCBuildConfiguration section */
		7082F80E24830243005793CC /* Debug */ = {
			isa = XCBuildConfiguration;
			baseConfigurationReference = 72F9BC53EE71935ABB3F8EA7 /* Pods-UnitTest.debug.xcconfig */;
			buildSettings = {
				CODE_SIGN_STYLE = Automatic;
				COMBINE_HIDPI_IMAGES = YES;
				INFOPLIST_FILE = UnitTest/Info.plist;
				LD_RUNPATH_SEARCH_PATHS = (
					"$(inherited)",
					"@executable_path/../Frameworks",
					"@loader_path/../Frameworks",
				);
				PRODUCT_BUNDLE_IDENTIFIER = nsfish.UnitTest;
				PRODUCT_NAME = "$(TARGET_NAME)";
				SWIFT_ACTIVE_COMPILATION_CONDITIONS = DEBUG;
				SWIFT_OBJC_BRIDGING_HEADER = "UnitTest/Bridging-Header.h";
				SWIFT_OPTIMIZATION_LEVEL = "-Onone";
				SWIFT_VERSION = 5.0;
			};
			name = Debug;
		};
		7082F80F24830243005793CC /* Release */ = {
			isa = XCBuildConfiguration;
			baseConfigurationReference = C3C8AC26D482DC0B7E29B089 /* Pods-UnitTest.release.xcconfig */;
			buildSettings = {
				CODE_SIGN_STYLE = Automatic;
				COMBINE_HIDPI_IMAGES = YES;
				INFOPLIST_FILE = UnitTest/Info.plist;
				LD_RUNPATH_SEARCH_PATHS = (
					"$(inherited)",
					"@executable_path/../Frameworks",
					"@loader_path/../Frameworks",
				);
				PRODUCT_BUNDLE_IDENTIFIER = nsfish.UnitTest;
				PRODUCT_NAME = "$(TARGET_NAME)";
				SWIFT_COMPILATION_MODE = wholemodule;
				SWIFT_OBJC_BRIDGING_HEADER = "UnitTest/Bridging-Header.h";
				SWIFT_OPTIMIZATION_LEVEL = "-O";
				SWIFT_VERSION = 5.0;
			};
			name = Release;
		};
		70A43FAC23F34CEC00FD3EAE /* Debug */ = {
			isa = XCBuildConfiguration;
			buildSettings = {
				ALWAYS_SEARCH_USER_PATHS = NO;
				CLANG_ANALYZER_NONNULL = YES;
				CLANG_ANALYZER_NUMBER_OBJECT_CONVERSION = YES_AGGRESSIVE;
				CLANG_CXX_LANGUAGE_STANDARD = "gnu++14";
				CLANG_CXX_LIBRARY = "libc++";
				CLANG_ENABLE_MODULES = YES;
				CLANG_ENABLE_OBJC_ARC = YES;
				CLANG_ENABLE_OBJC_WEAK = YES;
				CLANG_WARN_BLOCK_CAPTURE_AUTORELEASING = YES;
				CLANG_WARN_BOOL_CONVERSION = YES;
				CLANG_WARN_COMMA = YES;
				CLANG_WARN_CONSTANT_CONVERSION = YES;
				CLANG_WARN_DEPRECATED_OBJC_IMPLEMENTATIONS = YES;
				CLANG_WARN_DIRECT_OBJC_ISA_USAGE = YES_ERROR;
				CLANG_WARN_DOCUMENTATION_COMMENTS = YES;
				CLANG_WARN_EMPTY_BODY = YES;
				CLANG_WARN_ENUM_CONVERSION = YES;
				CLANG_WARN_INFINITE_RECURSION = YES;
				CLANG_WARN_INT_CONVERSION = YES;
				CLANG_WARN_NON_LITERAL_NULL_CONVERSION = YES;
				CLANG_WARN_OBJC_IMPLICIT_RETAIN_SELF = YES;
				CLANG_WARN_OBJC_LITERAL_CONVERSION = YES;
				CLANG_WARN_OBJC_ROOT_CLASS = YES_ERROR;
				CLANG_WARN_QUOTED_INCLUDE_IN_FRAMEWORK_HEADER = YES;
				CLANG_WARN_RANGE_LOOP_ANALYSIS = YES;
				CLANG_WARN_STRICT_PROTOTYPES = YES;
				CLANG_WARN_SUSPICIOUS_MOVE = YES;
				CLANG_WARN_UNGUARDED_AVAILABILITY = YES_AGGRESSIVE;
				CLANG_WARN_UNREACHABLE_CODE = YES;
				CLANG_WARN__DUPLICATE_METHOD_MATCH = YES;
				COPY_PHASE_STRIP = NO;
				DEBUG_INFORMATION_FORMAT = dwarf;
				ENABLE_STRICT_OBJC_MSGSEND = YES;
				ENABLE_TESTABILITY = YES;
				GCC_C_LANGUAGE_STANDARD = gnu11;
				GCC_DYNAMIC_NO_PIC = NO;
				GCC_NO_COMMON_BLOCKS = YES;
				GCC_OPTIMIZATION_LEVEL = 0;
				GCC_PREPROCESSOR_DEFINITIONS = (
					"DEBUG=1",
					"$(inherited)",
				);
				GCC_WARN_64_TO_32_BIT_CONVERSION = YES;
				GCC_WARN_ABOUT_RETURN_TYPE = YES_ERROR;
				GCC_WARN_UNDECLARED_SELECTOR = YES;
				GCC_WARN_UNINITIALIZED_AUTOS = YES_AGGRESSIVE;
				GCC_WARN_UNUSED_FUNCTION = YES;
				GCC_WARN_UNUSED_VARIABLE = YES;
				MACOSX_DEPLOYMENT_TARGET = 10.15;
				MTL_ENABLE_DEBUG_INFO = INCLUDE_SOURCE;
				MTL_FAST_MATH = YES;
				ONLY_ACTIVE_ARCH = YES;
				SDKROOT = macosx;
			};
			name = Debug;
		};
		70A43FAD23F34CEC00FD3EAE /* Release */ = {
			isa = XCBuildConfiguration;
			buildSettings = {
				ALWAYS_SEARCH_USER_PATHS = NO;
				CLANG_ANALYZER_NONNULL = YES;
				CLANG_ANALYZER_NUMBER_OBJECT_CONVERSION = YES_AGGRESSIVE;
				CLANG_CXX_LANGUAGE_STANDARD = "gnu++14";
				CLANG_CXX_LIBRARY = "libc++";
				CLANG_ENABLE_MODULES = YES;
				CLANG_ENABLE_OBJC_ARC = YES;
				CLANG_ENABLE_OBJC_WEAK = YES;
				CLANG_WARN_BLOCK_CAPTURE_AUTORELEASING = YES;
				CLANG_WARN_BOOL_CONVERSION = YES;
				CLANG_WARN_COMMA = YES;
				CLANG_WARN_CONSTANT_CONVERSION = YES;
				CLANG_WARN_DEPRECATED_OBJC_IMPLEMENTATIONS = YES;
				CLANG_WARN_DIRECT_OBJC_ISA_USAGE = YES_ERROR;
				CLANG_WARN_DOCUMENTATION_COMMENTS = YES;
				CLANG_WARN_EMPTY_BODY = YES;
				CLANG_WARN_ENUM_CONVERSION = YES;
				CLANG_WARN_INFINITE_RECURSION = YES;
				CLANG_WARN_INT_CONVERSION = YES;
				CLANG_WARN_NON_LITERAL_NULL_CONVERSION = YES;
				CLANG_WARN_OBJC_IMPLICIT_RETAIN_SELF = YES;
				CLANG_WARN_OBJC_LITERAL_CONVERSION = YES;
				CLANG_WARN_OBJC_ROOT_CLASS = YES_ERROR;
				CLANG_WARN_QUOTED_INCLUDE_IN_FRAMEWORK_HEADER = YES;
				CLANG_WARN_RANGE_LOOP_ANALYSIS = YES;
				CLANG_WARN_STRICT_PROTOTYPES = YES;
				CLANG_WARN_SUSPICIOUS_MOVE = YES;
				CLANG_WARN_UNGUARDED_AVAILABILITY = YES_AGGRESSIVE;
				CLANG_WARN_UNREACHABLE_CODE = YES;
				CLANG_WARN__DUPLICATE_METHOD_MATCH = YES;
				COPY_PHASE_STRIP = NO;
				DEBUG_INFORMATION_FORMAT = "dwarf-with-dsym";
				ENABLE_NS_ASSERTIONS = NO;
				ENABLE_STRICT_OBJC_MSGSEND = YES;
				GCC_C_LANGUAGE_STANDARD = gnu11;
				GCC_NO_COMMON_BLOCKS = YES;
				GCC_WARN_64_TO_32_BIT_CONVERSION = YES;
				GCC_WARN_ABOUT_RETURN_TYPE = YES_ERROR;
				GCC_WARN_UNDECLARED_SELECTOR = YES;
				GCC_WARN_UNINITIALIZED_AUTOS = YES_AGGRESSIVE;
				GCC_WARN_UNUSED_FUNCTION = YES;
				GCC_WARN_UNUSED_VARIABLE = YES;
				MACOSX_DEPLOYMENT_TARGET = 10.15;
				MTL_ENABLE_DEBUG_INFO = NO;
				MTL_FAST_MATH = YES;
				SDKROOT = macosx;
				SWIFT_COMPILATION_MODE = wholemodule;
			};
			name = Release;
		};
		70A43FAF23F34CEC00FD3EAE /* Debug */ = {
			isa = XCBuildConfiguration;
			buildSettings = {
				CODE_SIGN_IDENTITY = "-";
				CODE_SIGN_STYLE = Automatic;
				PRODUCT_NAME = "bangumi-renamer";
			};
			name = Debug;
		};
		70A43FB023F34CEC00FD3EAE /* Release */ = {
			isa = XCBuildConfiguration;
			buildSettings = {
				CODE_SIGN_IDENTITY = "-";
				CODE_SIGN_STYLE = Automatic;
				PRODUCT_NAME = "bangumi-renamer";
			};
			name = Release;
		};
/* End XCBuildConfiguration section */

/* Begin XCConfigurationList section */
		7082F81024830243005793CC /* Build configuration list for PBXNativeTarget "UnitTest" */ = {
			isa = XCConfigurationList;
			buildConfigurations = (
				7082F80E24830243005793CC /* Debug */,
				7082F80F24830243005793CC /* Release */,
			);
			defaultConfigurationIsVisible = 0;
			defaultConfigurationName = Release;
		};
		70A43FA223F34CEC00FD3EAE /* Build configuration list for PBXProject "BangumiRenamer" */ = {
			isa = XCConfigurationList;
			buildConfigurations = (
				70A43FAC23F34CEC00FD3EAE /* Debug */,
				70A43FAD23F34CEC00FD3EAE /* Release */,
			);
			defaultConfigurationIsVisible = 0;
			defaultConfigurationName = Release;
		};
		70A43FAE23F34CEC00FD3EAE /* Build configuration list for PBXNativeTarget "BangumiRenamer" */ = {
			isa = XCConfigurationList;
			buildConfigurations = (
				70A43FAF23F34CEC00FD3EAE /* Debug */,
				70A43FB023F34CEC00FD3EAE /* Release */,
			);
			defaultConfigurationIsVisible = 0;
			defaultConfigurationName = Release;
		};
/* End XCConfigurationList section */
	};
	rootObject = 70A43F9F23F34CEC00FD3EAE /* Project object */;
}
